
Microsoft Visual Studio Solution File, Format Version 12.00
# Visual Studio Version 16
VisualStudioVersion = 16.0.30011.22
MinimumVisualStudioVersion = 10.0.40219.1
Project("{FAE04EC0-301F-11D3-BF4B-00C04F79EFBC}") = "ConsoleAppClass", "ConsoleAppClass\ConsoleAppClass.csproj", "{5E176C43-016A-4779-8732-1454632FBBFB}"
EndProject
Global
	GlobalSection(SolutionConfigurationPlatforms) = preSolution
		Debug|Any CPU = Debug|Any CPU
		Release|Any CPU = Release|Any CPU
	EndGlobalSection
	GlobalSection(ProjectConfigurationPlatforms) = postSolution
		{5E176C43-016A-4779-8732-1454632FBBFB}.Debug|Any CPU.ActiveCfg = Debug|Any CPU
		{5E176C43-016A-4779-8732-1454632FBBFB}.Debug|Any CPU.Build.0 = Debug|Any CPU
		{5E176C43-016A-4779-8732-1454632FBBFB}.Release|Any CPU.ActiveCfg = Release|Any CPU
		{5E176C43-016A-4779-8732-1454632FBBFB}.Release|Any CPU.Build.0 = Release|Any CPU
	EndGlobalSection
	GlobalSection(SolutionProperties) = preSolution
		HideSolutionNode = FALSE
	EndGlobalSection
	GlobalSection(ExtensibilityGlobals) = postSolution
		SolutionGuid = {88691D58-7FA5-4CC6-B1B0-8A82AD9F90CE}
	EndGlobalSection
EndGlobal
